// !$*UTF8*$!
{
	archiveVersion = 1;
	classes = {
	};
	objectVersion = 46;
	objects = {

/* Begin PBXBuildFile section */
		049BA1301C9A9E8900536EBC /* main.m in Sources */ = {isa = PBXBuildFile; fileRef = 049BA12F1C9A9E8900536EBC /* main.m */; };
		049BA1331C9A9E8900536EBC /* AppDelegate.m in Sources */ = {isa = PBXBuildFile; fileRef = 049BA1321C9A9E8900536EBC /* AppDelegate.m */; };
		049BA1361C9A9E8900536EBC /* ViewController.m in Sources */ = {isa = PBXBuildFile; fileRef = 049BA1351C9A9E8900536EBC /* ViewController.m */; };
		049BA1391C9A9E8900536EBC /* Main.storyboard in Resources */ = {isa = PBXBuildFile; fileRef = 049BA1371C9A9E8900536EBC /* Main.storyboard */; };
		049BA13B1C9A9E8900536EBC /* Assets.xcassets in Resources */ = {isa = PBXBuildFile; fileRef = 049BA13A1C9A9E8900536EBC /* Assets.xcassets */; };
		049BA13E1C9A9E8900536EBC /* LaunchScreen.storyboard in Resources */ = {isa = PBXBuildFile; fileRef = 049BA13C1C9A9E8900536EBC /* LaunchScreen.storyboard */; };
		049BA1691C9AC76A00536EBC /* 动物.jpg in Resources */ = {isa = PBXBuildFile; fileRef = 049BA1681C9AC76A00536EBC /* 动物.jpg */; };
/* End PBXBuildFile section */

/* Begin PBXFileReference section */
		049BA12B1C9A9E8900536EBC /* GitHttpRepositoary.app */ = {isa = PBXFileReference; explicitFileType = wrapper.application; includeInIndex = 0; path = GitHttpRepositoary.app; sourceTree = BUILT_PRODUCTS_DIR; };
		049BA12F1C9A9E8900536EBC /* main.m */ = {isa = PBXFileReference; lastKnownFileType = sourcecode.c.objc; path = main.m; sourceTree = "<group>"; };
		049BA1311C9A9E8900536EBC /* AppDelegate.h */ = {isa = PBXFileReference; lastKnownFileType = sourcecode.c.h; path = AppDelegate.h; sourceTree = "<group>"; };
		049BA1321C9A9E8900536EBC /* AppDelegate.m */ = {isa = PBXFileReference; lastKnownFileType = sourcecode.c.objc; path = AppDelegate.m; sourceTree = "<group>"; };
		049BA1341C9A9E8900536EBC /* ViewController.h */ = {isa = PBXFileReference; lastKnownFileType = sourcecode.c.h; path = ViewController.h; sourceTree = "<group>"; };
		049BA1351C9A9E8900536EBC /* ViewController.m */ = {isa = PBXFileReference; lastKnownFileType = sourcecode.c.objc; path = ViewController.m; sourceTree = "<group>"; };
		049BA1381C9A9E8900536EBC /* Base */ = {isa = PBXFileReference; lastKnownFileType = file.storyboard; name = Base; path = Base.lproj/Main.storyboard; sourceTree = "<group>"; };
		049BA13A1C9A9E8900536EBC /* Assets.xcassets */ = {isa = PBXFileReference; lastKnownFileType = folder.assetcatalog; path = Assets.xcassets; sourceTree = "<group>"; };
		049BA13D1C9A9E8900536EBC /* Base */ = {isa = PBXFileReference; lastKnownFileType = file.storyboard; name = Base; path = Base.lproj/LaunchScreen.storyboard; sourceTree = "<group>"; };
		049BA13F1C9A9E8900536EBC /* Info.plist */ = {isa = PBXFileReference; lastKnownFileType = text.plist.xml; path = Info.plist; sourceTree = "<group>"; };
		049BA1681C9AC76A00536EBC /* 动物.jpg */ = {isa = PBXFileReference; lastKnownFileType = image.jpeg; path = "动物.jpg"; sourceTree = "<group>"; };
/* End PBXFileReference section */

/* Begin PBXFrameworksBuildPhase section */
		049BA1281C9A9E8900536EBC /* Frameworks */ = {
			isa = PBXFrameworksBuildPhase;
			buildActionMask = 2147483647;
			files = (
			);
			runOnlyForDeploymentPostprocessing = 0;
		};
/* End PBXFrameworksBuildPhase section */

/* Begin PBXGroup section */
		049BA1221C9A9E8900536EBC = {
			isa = PBXGroup;
			children = (
				049BA12D1C9A9E8900536EBC /* GitHttpRepositoary */,
				049BA12C1C9A9E8900536EBC /* Products */,
			);
			sourceTree = "<group>";
		};
		049BA12C1C9A9E8900536EBC /* Products */ = {
			isa = PBXGroup;
			children = (
				049BA12B1C9A9E8900536EBC /* GitHttpRepositoary.app */,
			);
			name = Products;
			sourceTree = "<group>";
		};
		049BA12D1C9A9E8900536EBC /* GitHttpRepositoary */ = {
			isa = PBXGroup;
			children = (
				049BA1681C9AC76A00536EBC /* 动物.jpg */,
				049BA1311C9A9E8900536EBC /* AppDelegate.h */,
				049BA1321C9A9E8900536EBC /* AppDelegate.m */,
				049BA1341C9A9E8900536EBC /* ViewController.h */,
				049BA1351C9A9E8900536EBC /* ViewController.m */,
				049BA1371C9A9E8900536EBC /* Main.storyboard */,
				049BA13A1C9A9E8900536EBC /* Assets.xcassets */,
				049BA13C1C9A9E8900536EBC /* LaunchScreen.storyboard */,
				049BA13F1C9A9E8900536EBC /* Info.plist */,
				049BA12E1C9A9E8900536EBC /* Supporting Files */,
			);
			path = GitHttpRepositoary;
			sourceTree = "<group>";
		};
		049BA12E1C9A9E8900536EBC /* Supporting Files */ = {
			isa = PBXGroup;
			children = (
				049BA12F1C9A9E8900536EBC /* main.m */,
			);
			name = "Supporting Files";
			sourceTree = "<group>";
		};
/* End PBXGroup section */

/* Begin PBXNativeTarget section */
		049BA12A1C9A9E8900536EBC /* GitHttpRepositoary */ = {
			isa = PBXNativeTarget;
			buildConfigurationList = 049BA1421C9A9E8900536EBC /* Build configuration list for PBXNativeTarget "GitHttpRepositoary" */;
			buildPhases = (
				049BA1271C9A9E8900536EBC /* Sources */,
				049BA1281C9A9E8900536EBC /* Frameworks */,
				049BA1291C9A9E8900536EBC /* Resources */,
			);
			buildRules = (
			);
			dependencies = (
			);
			name = GitHttpRepositoary;
			productName = GitHttpRepositoary;
			productReference = 049BA12B1C9A9E8900536EBC /* GitHttpRepositoary.app */;
			productType = "com.apple.product-type.application";
		};
/* End PBXNativeTarget section */

/* Begin PBXProject section */
		049BA1231C9A9E8900536EBC /* Project object */ = {
			isa = PBXProject;
			attributes = {
				LastUpgradeCheck = 0720;
				ORGANIZATIONNAME = good;
				TargetAttributes = {
					049BA12A1C9A9E8900536EBC = {
						CreatedOnToolsVersion = 7.2;
						DevelopmentTeam = M2AF2RX6MY;
					};
				};
			};
			buildConfigurationList = 049BA1261C9A9E8900536EBC /* Build configuration list for PBXProject "GitHttpRepositoary" */;
			compatibilityVersion = "Xcode 3.2";
			developmentRegion = English;
			hasScannedForEncodings = 0;
			knownRegions = (
				en,
				Base,
			);
			mainGroup = 049BA1221C9A9E8900536EBC;
			productRefGroup = 049BA12C1C9A9E8900536EBC /* Products */;
			projectDirPath = "";
			projectRoot = "";
			targets = (
				049BA12A1C9A9E8900536EBC /* GitHttpRepositoary */,
			);
		};
/* End PBXProject section */

/* Begin PBXResourcesBuildPhase section */
		049BA1291C9A9E8900536EBC /* Resources */ = {
			isa = PBXResourcesBuildPhase;
			buildActionMask = 2147483647;
			files = (
				049BA13E1C9A9E8900536EBC /* LaunchScreen.storyboard in Resources */,
				049BA13B1C9A9E8900536EBC /* Assets.xcassets in Resources */,
				049BA1691C9AC76A00536EBC /* 动物.jpg in Resources */,
				049BA1391C9A9E8900536EBC /* Main.storyboard in Resources */,
			);
			runOnlyForDeploymentPostprocessing = 0;
		};
/* End PBXResourcesBuildPhase section */

/* Begin PBXSourcesBuildPhase section */
		049BA1271C9A9E8900536EBC /* Sources */ = {
			isa = PBXSourcesBuildPhase;
			buildActionMask = 2147483647;
			files = (
				049BA1361C9A9E8900536EBC /* ViewController.m in Sources */,
				049BA1331C9A9E8900536EBC /* AppDelegate.m in Sources */,
				049BA1301C9A9E8900536EBC /* main.m in Sources */,
			);
			runOnlyForDeploymentPostprocessing = 0;
		};
/* End PBXSourcesBuildPhase section */

/* Begin PBXVariantGroup section */
		049BA1371C9A9E8900536EBC /* Main.storyboard */ = {
			isa = PBXVariantGroup;
			children = (
				049BA1381C9A9E8900536EBC /* Base */,
			);
			name = Main.storyboard;
			sourceTree = "<group>";
		};
		049BA13C1C9A9E8900536EBC /* LaunchScreen.storyboard */ = {
			isa = PBXVariantGroup;
			children = (
				049BA13D1C9A9E8900536EBC /* Base */,
			);
			name = LaunchScreen.storyboard;
			sourceTree = "<group>";
		};
/* End PBXVariantGroup section */

/* Begin XCBuildConfiguration section */
		049BA1401C9A9E8900536EBC /* Debug */ = {
			isa = XCBuildConfiguration;
			buildSettings = {
				ALWAYS_SEARCH_USER_PATHS = NO;
				CLANG_CXX_LANGUAGE_STANDARD = "gnu++0x";
				CLANG_CXX_LIBRARY = "libc++";
				CLANG_ENABLE_MODULES = YES;
				CLANG_ENABLE_OBJC_ARC = YES;
				CLANG_WARN_BOOL_CONVERSION = YES;
				CLANG_WARN_CONSTANT_CONVERSION = YES;
				CLANG_WARN_DIRECT_OBJC_ISA_USAGE = YES_ERROR;
				CLANG_WARN_EMPTY_BODY = YES;
				CLANG_WARN_ENUM_CONVERSION = YES;
				CLANG_WARN_INT_CONVERSION = YES;
				CLANG_WARN_OBJC_ROOT_CLASS = YES_ERROR;
				CLANG_WARN_UNREACHABLE_CODE = YES;
				CLANG_WARN__DUPLICATE_METHOD_MATCH = YES;
				"CODE_SIGN_IDENTITY[sdk=iphoneos*]" = "iPhone Developer";
				COPY_PHASE_STRIP = NO;
				DEBUG_INFORMATION_FORMAT = dwarf;
				ENABLE_STRICT_OBJC_MSGSEND = YES;
				ENABLE_TESTABILITY = YES;
				GCC_C_LANGUAGE_STANDARD = gnu99;
				GCC_DYNAMIC_NO_PIC = NO;
				GCC_NO_COMMON_BLOCKS = YES;
				GCC_OPTIMIZATION_LEVEL = 0;
				GCC_PREPROCESSOR_DEFINITIONS = (
					"DEBUG=1",
					"$(inherited)",
				);
				GCC_WARN_64_TO_32_BIT_CONVERSION = YES;
				GCC_WARN_ABOUT_RETURN_TYPE = YES_ERROR;
				GCC_WARN_UNDECLARED_SELECTOR = YES;
				GCC_WARN_UNINITIALIZED_AUTOS = YES_AGGRESSIVE;
				GCC_WARN_UNUSED_FUNCTION = YES;
				GCC_WARN_UNUSED_VARIABLE = YES;
				IPHONEOS_DEPLOYMENT_TARGET = 9.2;
				MTL_ENABLE_DEBUG_INFO = YES;
				ONLY_ACTIVE_ARCH = YES;
				SDKROOT = iphoneos;
				TARGETED_DEVICE_FAMILY = "1,2";
			};
			name = Debug;
		};
		049BA1411C9A9E8900536EBC /* Release */ = {
			isa = XCBuildConfiguration;
			buildSettings = {
				ALWAYS_SEARCH_USER_PATHS = NO;
				CLANG_CXX_LANGUAGE_STANDARD = "gnu++0x";
				CLANG_CXX_LIBRARY = "libc++";
				CLANG_ENABLE_MODULES = YES;
				CLANG_ENABLE_OBJC_ARC = YES;
				CLANG_WARN_BOOL_CONVERSION = YES;
				CLANG_WARN_CONSTANT_CONVERSION = YES;
				CLANG_WARN_DIRECT_OBJC_ISA_USAGE = YES_ERROR;
				CLANG_WARN_EMPTY_BODY = YES;
				CLANG_WARN_ENUM_CONVERSION = YES;
				CLANG_WARN_INT_CONVERSION = YES;
				CLANG_WARN_OBJC_ROOT_CLASS = YES_ERROR;
				CLANG_WARN_UNREACHABLE_CODE = YES;
				CLANG_WARN__DUPLICATE_METHOD_MATCH = YES;
				"CODE_SIGN_IDENTITY[sdk=iphoneos*]" = "iPhone Developer";
				COPY_PHASE_STRIP = NO;
				DEBUG_INFORMATION_FORMAT = "dwarf-with-dsym";
				ENABLE_NS_ASSERTIONS = NO;
				ENABLE_STRICT_OBJC_MSGSEND = YES;
				GCC_C_LANGUAGE_STANDARD = gnu99;
				GCC_NO_COMMON_BLOCKS = YES;
				GCC_WARN_64_TO_32_BIT_CONVERSION = YES;
				GCC_WARN_ABOUT_RETURN_TYPE = YES_ERROR;
				GCC_WARN_UNDECLARED_SELECTOR = YES;
				GCC_WARN_UNINITIALIZED_AUTOS = YES_AGGRESSIVE;
				GCC_WARN_UNUSED_FUNCTION = YES;
				GCC_WARN_UNUSED_VARIABLE = YES;
				IPHONEOS_DEPLOYMENT_TARGET = 9.2;
				MTL_ENABLE_DEBUG_INFO = NO;
				SDKROOT = iphoneos;
				TARGETED_DEVICE_FAMILY = "1,2";
				VALIDATE_PRODUCT = YES;
			};
			name = Release;
		};
		049BA1431C9A9E8900536EBC /* Debug */ = {
			isa = XCBuildConfiguration;
			buildSettings = {
				ASSETCATALOG_COMPILER_APPICON_NAME = AppIcon;
				INFOPLIST_FILE = GitHttpRepositoary/Info.plist;
				LD_RUNPATH_SEARCH_PATHS = "$(inherited) @executable_path/Frameworks";
				PRODUCT_BUNDLE_IDENTIFIER = com.yuhan.GitHttpRepositoary;
				PRODUCT_NAME = "$(TARGET_NAME)";
			};
			name = Debug;
		};
		049BA1441C9A9E8900536EBC /* Release */ = {
			isa = XCBuildConfiguration;
			buildSettings = {
				ASSETCATALOG_COMPILER_APPICON_NAME = AppIcon;
				INFOPLIST_FILE = GitHttpRepositoary/Info.plist;
				LD_RUNPATH_SEARCH_PATHS = "$(inherited) @executable_path/Frameworks";
				PRODUCT_BUNDLE_IDENTIFIER = com.yuhan.GitHttpRepositoary;
				PRODUCT_NAME = "$(TARGET_NAME)";
			};
			name = Release;
		};
/* End XCBuildConfiguration section */

/* Begin XCConfigurationList section */
		049BA1261C9A9E8900536EBC /* Build configuration list for PBXProject "GitHttpRepositoary" */ = {
			isa = XCConfigurationList;
			buildConfigurations = (
				049BA1401C9A9E8900536EBC /* Debug */,
				049BA1411C9A9E8900536EBC /* Release */,
			);
			defaultConfigurationIsVisible = 0;
			defaultConfigurationName = Release;
		};
		049BA1421C9A9E8900536EBC /* Build configuration list for PBXNativeTarget "GitHttpRepositoary" */ = {
			isa = XCConfigurationList;
			buildConfigurations = (
				049BA1431C9A9E8900536EBC /* Debug */,
				049BA1441C9A9E8900536EBC /* Release */,
			);
			defaultConfigurationIsVisible = 0;
			defaultConfigurationName = Release;
		};
/* End XCConfigurationList section */
	};
	rootObject = 049BA1231C9A9E8900536EBC /* Project object */;
}
